
Microsoft Visual Studio Solution File, Format Version 12.00
# Visual Studio Version 17
VisualStudioVersion = 17.8.34525.116
MinimumVisualStudioVersion = 10.0.40219.1
Project("{FAE04EC0-301F-11D3-BF4B-00C04F79EFBC}") = "MvcQR", "MvcQR\MvcQR.csproj", "{DAD8F783-8CDC-490F-AD1C-6C13784DE1A5}"
EndProject
Global
	GlobalSection(SolutionConfigurationPlatforms) = preSolution
		Debug|Any CPU = Debug|Any CPU
		Release|Any CPU = Release|Any CPU
	EndGlobalSection
	GlobalSection(ProjectConfigurationPlatforms) = postSolution
		{DAD8F783-8CDC-490F-AD1C-6C13784DE1A5}.Debug|Any CPU.ActiveCfg = Debug|Any CPU
		{DAD8F783-8CDC-490F-AD1C-6C13784DE1A5}.Debug|Any CPU.Build.0 = Debug|Any CPU
		{DAD8F783-8CDC-490F-AD1C-6C13784DE1A5}.Release|Any CPU.ActiveCfg = Release|Any CPU
		{DAD8F783-8CDC-490F-AD1C-6C13784DE1A5}.Release|Any CPU.Build.0 = Release|Any CPU
	EndGlobalSection
	GlobalSection(SolutionProperties) = preSolution
		HideSolutionNode = FALSE
	EndGlobalSection
	GlobalSection(ExtensibilityGlobals) = postSolution
		SolutionGuid = {665C3832-E7E5-4E56-9C93-01632ADF4DA2}
	EndGlobalSection
EndGlobal
